Microsoft Visual Studio Solution File, Format Version 12.00
# Visual Studio Version 17
VisualStudioVersion = 17.5.2.0
MinimumVisualStudioVersion = 10.0.40219.1
Project("{2150E333-8FDC-42A3-9474-1A3956D46DE8}") = "Builder", "Builder", "{5D402EDA-9AA7-0135-187F-1C2088D5061C}"
EndProject
Project("{FAE04EC0-301F-11D3-BF4B-00C04F79EFBC}") = "Builder", "Builder\Builder\Builder.csproj", "{C67CF8CD-F0A0-F3BC-29FA-85A8B8C1532C}"
EndProject
Global
	GlobalSection(SolutionConfigurationPlatforms) = preSolution
		Debug|Any CPU = Debug|Any CPU
		Release|Any CPU = Release|Any CPU
	EndGlobalSection
	GlobalSection(ProjectConfigurationPlatforms) = postSolution
		{C67CF8CD-F0A0-F3BC-29FA-85A8B8C1532C}.Debug|Any CPU.ActiveCfg = Debug|Any CPU
		{C67CF8CD-F0A0-F3BC-29FA-85A8B8C1532C}.Debug|Any CPU.Build.0 = Debug|Any CPU
		{C67CF8CD-F0A0-F3BC-29FA-85A8B8C1532C}.Release|Any CPU.ActiveCfg = Release|Any CPU
		{C67CF8CD-F0A0-F3BC-29FA-85A8B8C1532C}.Release|Any CPU.Build.0 = Release|Any CPU
	EndGlobalSection
	GlobalSection(SolutionProperties) = preSolution
		HideSolutionNode = FALSE
	EndGlobalSection
	GlobalSection(NestedProjects) = preSolution
		{C67CF8CD-F0A0-F3BC-29FA-85A8B8C1532C} = {5D402EDA-9AA7-0135-187F-1C2088D5061C}
	EndGlobalSection
	GlobalSection(ExtensibilityGlobals) = postSolution
		SolutionGuid = {00B16F87-28E4-4944-A8B2-EE51DFA37753}
	EndGlobalSection
EndGlobal
